// !$*UTF8*$!
{
	archiveVersion = 1;
	classes = {
	};
	objectVersion = 46;
	objects = {

/* Begin PBXBuildFile section */
		C93AA8F71AB1B4DE00D0969C /* AppDelegate.swift in Sources */ = {isa = PBXBuildFile; fileRef = C93AA8F61AB1B4DE00D0969C /* AppDelegate.swift */; };
		C93AA8F91AB1B4DE00D0969C /* ViewController.swift in Sources */ = {isa = PBXBuildFile; fileRef = C93AA8F81AB1B4DE00D0969C /* ViewController.swift */; };
		C93AA8FC1AB1B4DE00D0969C /* Main.storyboard in Resources */ = {isa = PBXBuildFile; fileRef = C93AA8FA1AB1B4DE00D0969C /* Main.storyboard */; };
		C93AA8FE1AB1B4DE00D0969C /* Images.xcassets in Resources */ = {isa = PBXBuildFile; fileRef = C93AA8FD1AB1B4DE00D0969C /* Images.xcassets */; };
		C93AA9011AB1B4DE00D0969C /* LaunchScreen.xib in Resources */ = {isa = PBXBuildFile; fileRef = C93AA8FF1AB1B4DE00D0969C /* LaunchScreen.xib */; };
		C93AA90D1AB1B4DE00D0969C /* Hello_WorldTests.swift in Sources */ = {isa = PBXBuildFile; fileRef = C93AA90C1AB1B4DE00D0969C /* Hello_WorldTests.swift */; };
/* End PBXBuildFile section */

/* Begin PBXContainerItemProxy section */
		C93AA9071AB1B4DE00D0969C /* PBXContainerItemProxy */ = {
			isa = PBXContainerItemProxy;
			containerPortal = C93AA8E91AB1B4DE00D0969C /* Project object */;
			proxyType = 1;
			remoteGlobalIDString = C93AA8F01AB1B4DE00D0969C;
			remoteInfo = "Hello World";
		};
/* End PBXContainerItemProxy section */

/* Begin PBXFileReference section */
		C93AA8F11AB1B4DE00D0969C /* Hello World.app */ = {isa = PBXFileReference; explicitFileType = wrapper.application; includeInIndex = 0; path = "Hello World.app"; sourceTree = BUILT_PRODUCTS_DIR; };
		C93AA8F51AB1B4DE00D0969C /* Info.plist */ = {isa = PBXFileReference; lastKnownFileType = text.plist.xml; path = Info.plist; sourceTree = "<group>"; };
		C93AA8F61AB1B4DE00D0969C /* AppDelegate.swift */ = {isa = PBXFileReference; lastKnownFileType = sourcecode.swift; path = AppDelegate.swift; sourceTree = "<group>"; };
		C93AA8F81AB1B4DE00D0969C /* ViewController.swift */ = {isa = PBXFileReference; lastKnownFileType = sourcecode.swift; path = ViewController.swift; sourceTree = "<group>"; };
		C93AA8FB1AB1B4DE00D0969C /* Base */ = {isa = PBXFileReference; lastKnownFileType = file.storyboard; name = Base; path = Base.lproj/Main.storyboard; sourceTree = "<group>"; };
		C93AA8FD1AB1B4DE00D0969C /* Images.xcassets */ = {isa = PBXFileReference; lastKnownFileType = folder.assetcatalog; path = Images.xcassets; sourceTree = "<group>"; };
		C93AA9001AB1B4DE00D0969C /* Base */ = {isa = PBXFileReference; lastKnownFileType = file.xib; name = Base; path = Base.lproj/LaunchScreen.xib; sourceTree = "<group>"; };
		C93AA9061AB1B4DE00D0969C /* Hello WorldTests.xctest */ = {isa = PBXFileReference; explicitFileType = wrapper.cfbundle; includeInIndex = 0; path = "Hello WorldTests.xctest"; sourceTree = BUILT_PRODUCTS_DIR; };
		C93AA90B1AB1B4DE00D0969C /* Info.plist */ = {isa = PBXFileReference; lastKnownFileType = text.plist.xml; path = Info.plist; sourceTree = "<group>"; };
		C93AA90C1AB1B4DE00D0969C /* Hello_WorldTests.swift */ = {isa = PBXFileReference; lastKnownFileType = sourcecode.swift; path = Hello_WorldTests.swift; sourceTree = "<group>"; };
/* End PBXFileReference section */

/* Begin PBXFrameworksBuildPhase section */
		C93AA8EE1AB1B4DE00D0969C /* Frameworks */ = {
			isa = PBXFrameworksBuildPhase;
			buildActionMask = 2147483647;
			files = (
			);
			runOnlyForDeploymentPostprocessing = 0;
		};
		C93AA9031AB1B4DE00D0969C /* Frameworks */ = {
			isa = PBXFrameworksBuildPhase;
			buildActionMask = 2147483647;
			files = (
			);
			runOnlyForDeploymentPostprocessing = 0;
		};
/* End PBXFrameworksBuildPhase section */

/* Begin PBXGroup section */
		C93AA8E81AB1B4DE00D0969C = {
			isa = PBXGroup;
			children = (
				C93AA8F31AB1B4DE00D0969C /* Hello World */,
				C93AA9091AB1B4DE00D0969C /* Hello WorldTests */,
				C93AA8F21AB1B4DE00D0969C /* Products */,
			);
			sourceTree = "<group>";
		};
		C93AA8F21AB1B4DE00D0969C /* Products */ = {
			isa = PBXGroup;
			children = (
				C93AA8F11AB1B4DE00D0969C /* Hello World.app */,
				C93AA9061AB1B4DE00D0969C /* Hello WorldTests.xctest */,
			);
			name = Products;
			sourceTree = "<group>";
		};
		C93AA8F31AB1B4DE00D0969C /* Hello World */ = {
			isa = PBXGroup;
			children = (
				C93AA8F61AB1B4DE00D0969C /* AppDelegate.swift */,
				C93AA8F81AB1B4DE00D0969C /* ViewController.swift */,
				C93AA8FA1AB1B4DE00D0969C /* Main.storyboard */,
				C93AA8FD1AB1B4DE00D0969C /* Images.xcassets */,
				C93AA8FF1AB1B4DE00D0969C /* LaunchScreen.xib */,
				C93AA8F41AB1B4DE00D0969C /* Supporting Files */,
			);
			path = "Hello World";
			sourceTree = "<group>";
		};
		C93AA8F41AB1B4DE00D0969C /* Supporting Files */ = {
			isa = PBXGroup;
			children = (
				C93AA8F51AB1B4DE00D0969C /* Info.plist */,
			);
			name = "Supporting Files";
			sourceTree = "<group>";
		};
		C93AA9091AB1B4DE00D0969C /* Hello WorldTests */ = {
			isa = PBXGroup;
			children = (
				C93AA90C1AB1B4DE00D0969C /* Hello_WorldTests.swift */,
				C93AA90A1AB1B4DE00D0969C /* Supporting Files */,
			);
			path = "Hello WorldTests";
			sourceTree = "<group>";
		};
		C93AA90A1AB1B4DE00D0969C /* Supporting Files */ = {
			isa = PBXGroup;
			children = (
				C93AA90B1AB1B4DE00D0969C /* Info.plist */,
			);
			name = "Supporting Files";
			sourceTree = "<group>";
		};
/* End PBXGroup section */

/* Begin PBXNativeTarget section */
		C93AA8F01AB1B4DE00D0969C /* Hello World */ = {
			isa = PBXNativeTarget;
			buildConfigurationList = C93AA9101AB1B4DE00D0969C /* Build configuration list for PBXNativeTarget "Hello World" */;
			buildPhases = (
				C93AA8ED1AB1B4DE00D0969C /* Sources */,
				C93AA8EE1AB1B4DE00D0969C /* Frameworks */,
				C93AA8EF1AB1B4DE00D0969C /* Resources */,
			);
			buildRules = (
			);
			dependencies = (
			);
			name = "Hello World";
			productName = "Hello World";
			productReference = C93AA8F11AB1B4DE00D0969C /* Hello World.app */;
			productType = "com.apple.product-type.application";
		};
		C93AA9051AB1B4DE00D0969C /* Hello WorldTests */ = {
			isa = PBXNativeTarget;
			buildConfigurationList = C93AA9131AB1B4DE00D0969C /* Build configuration list for PBXNativeTarget "Hello WorldTests" */;
			buildPhases = (
				C93AA9021AB1B4DE00D0969C /* Sources */,
				C93AA9031AB1B4DE00D0969C /* Frameworks */,
				C93AA9041AB1B4DE00D0969C /* Resources */,
			);
			buildRules = (
			);
			dependencies = (
				C93AA9081AB1B4DE00D0969C /* PBXTargetDependency */,
			);
			name = "Hello WorldTests";
			productName = "Hello WorldTests";
			productReference = C93AA9061AB1B4DE00D0969C /* Hello WorldTests.xctest */;
			productType = "com.apple.product-type.bundle.unit-test";
		};
/* End PBXNativeTarget section */

/* Begin PBXProject section */
		C93AA8E91AB1B4DE00D0969C /* Project object */ = {
			isa = PBXProject;
			attributes = {
				LastUpgradeCheck = 0610;
				ORGANIZATIONNAME = "Dale Stevens";
				TargetAttributes = {
					C93AA8F01AB1B4DE00D0969C = {
						CreatedOnToolsVersion = 6.1.1;
					};
					C93AA9051AB1B4DE00D0969C = {
						CreatedOnToolsVersion = 6.1.1;
						TestTargetID = C93AA8F01AB1B4DE00D0969C;
					};
				};
			};
			buildConfigurationList = C93AA8EC1AB1B4DE00D0969C /* Build configuration list for PBXProject "Hello World" */;
			compatibilityVersion = "Xcode 3.2";
			developmentRegion = English;
			hasScannedForEncodings = 0;
			knownRegions = (
				en,
				Base,
			);
			mainGroup = C93AA8E81AB1B4DE00D0969C;
			productRefGroup = C93AA8F21AB1B4DE00D0969C /* Products */;
			projectDirPath = "";
			projectRoot = "";
			targets = (
				C93AA8F01AB1B4DE00D0969C /* Hello World */,
				C93AA9051AB1B4DE00D0969C /* Hello WorldTests */,
			);
		};
/* End PBXProject section */

/* Begin PBXResourcesBuildPhase section */
		C93AA8EF1AB1B4DE00D0969C /* Resources */ = {
			isa = PBXResourcesBuildPhase;
			buildActionMask = 2147483647;
			files = (
				C93AA8FC1AB1B4DE00D0969C /* Main.storyboard in Resources */,
				C93AA9011AB1B4DE00D0969C /* LaunchScreen.xib in Resources */,
				C93AA8FE1AB1B4DE00D0969C /* Images.xcassets in Resources */,
			);
			runOnlyForDeploymentPostprocessing = 0;
		};
		C93AA9041AB1B4DE00D0969C /* Resources */ = {
			isa = PBXResourcesBuildPhase;
			buildActionMask = 2147483647;
			files = (
			);
			runOnlyForDeploymentPostprocessing = 0;
		};
/* End PBXResourcesBuildPhase section */

/* Begin PBXSourcesBuildPhase section */
		C93AA8ED1AB1B4DE00D0969C /* Sources */ = {
			isa = PBXSourcesBuildPhase;
			buildActionMask = 2147483647;
			files = (
				C93AA8F91AB1B4DE00D0969C /* ViewController.swift in Sources */,
				C93AA8F71AB1B4DE00D0969C /* AppDelegate.swift in Sources */,
			);
			runOnlyForDeploymentPostprocessing = 0;
		};
		C93AA9021AB1B4DE00D0969C /* Sources */ = {
			isa = PBXSourcesBuildPhase;
			buildActionMask = 2147483647;
			files = (
				C93AA90D1AB1B4DE00D0969C /* Hello_WorldTests.swift in Sources */,
			);
			runOnlyForDeploymentPostprocessing = 0;
		};
/* End PBXSourcesBuildPhase section */

/* Begin PBXTargetDependency section */
		C93AA9081AB1B4DE00D0969C /* PBXTargetDependency */ = {
			isa = PBXTargetDependency;
			target = C93AA8F01AB1B4DE00D0969C /* Hello World */;
			targetProxy = C93AA9071AB1B4DE00D0969C /* PBXContainerItemProxy */;
		};
/* End PBXTargetDependency section */

/* Begin PBXVariantGroup section */
		C93AA8FA1AB1B4DE00D0969C /* Main.storyboard */ = {
			isa = PBXVariantGroup;
			children = (
				C93AA8FB1AB1B4DE00D0969C /* Base */,
			);
			name = Main.storyboard;
			sourceTree = "<group>";
		};
		C93AA8FF1AB1B4DE00D0969C /* LaunchScreen.xib */ = {
			isa = PBXVariantGroup;
			children = (
				C93AA9001AB1B4DE00D0969C /* Base */,
			);
			name = LaunchScreen.xib;
			sourceTree = "<group>";
		};
/* End PBXVariantGroup section */

/* Begin XCBuildConfiguration section */
		C93AA90E1AB1B4DE00D0969C /* Debug */ = {
			isa = XCBuildConfiguration;
			buildSettings = {
				ALWAYS_SEARCH_USER_PATHS = NO;
				CLANG_CXX_LANGUAGE_STANDARD = "gnu++0x";
				CLANG_CXX_LIBRARY = "libc++";
				CLANG_ENABLE_MODULES = YES;
				CLANG_ENABLE_OBJC_ARC = YES;
				CLANG_WARN_BOOL_CONVERSION = YES;
				CLANG_WARN_CONSTANT_CONVERSION = YES;
				CLANG_WARN_DIRECT_OBJC_ISA_USAGE = YES_ERROR;
				CLANG_WARN_EMPTY_BODY = YES;
				CLANG_WARN_ENUM_CONVERSION = YES;
				CLANG_WARN_INT_CONVERSION = YES;
				CLANG_WARN_OBJC_ROOT_CLASS = YES_ERROR;
				CLANG_WARN_UNREACHABLE_CODE = YES;
				CLANG_WARN__DUPLICATE_METHOD_MATCH = YES;
				"CODE_SIGN_IDENTITY[sdk=iphoneos*]" = "iPhone Developer";
				COPY_PHASE_STRIP = NO;
				ENABLE_STRICT_OBJC_MSGSEND = YES;
				GCC_C_LANGUAGE_STANDARD = gnu99;
				GCC_DYNAMIC_NO_PIC = NO;
				GCC_OPTIMIZATION_LEVEL = 0;
				GCC_PREPROCESSOR_DEFINITIONS = (
					"DEBUG=1",
					"$(inherited)",
				);
				GCC_SYMBOLS_PRIVATE_EXTERN = NO;
				GCC_WARN_64_TO_32_BIT_CONVERSION = YES;
				GCC_WARN_ABOUT_RETURN_TYPE = YES_ERROR;
				GCC_WARN_UNDECLARED_SELECTOR = YES;
				GCC_WARN_UNINITIALIZED_AUTOS = YES_AGGRESSIVE;
				GCC_WARN_UNUSED_FUNCTION = YES;
				GCC_WARN_UNUSED_VARIABLE = YES;
				IPHONEOS_DEPLOYMENT_TARGET = 8.1;
				MTL_ENABLE_DEBUG_INFO = YES;
				ONLY_ACTIVE_ARCH = YES;
				SDKROOT = iphoneos;
				SWIFT_OPTIMIZATION_LEVEL = "-Onone";
			};
			name = Debug;
		};
		C93AA90F1AB1B4DE00D0969C /* Release */ = {
			isa = XCBuildConfiguration;
			buildSettings = {
				ALWAYS_SEARCH_USER_PATHS = NO;
				CLANG_CXX_LANGUAGE_STANDARD = "gnu++0x";
				CLANG_CXX_LIBRARY = "libc++";
				CLANG_ENABLE_MODULES = YES;
				CLANG_ENABLE_OBJC_ARC = YES;
				CLANG_WARN_BOOL_CONVERSION = YES;
				CLANG_WARN_CONSTANT_CONVERSION = YES;
				CLANG_WARN_DIRECT_OBJC_ISA_USAGE = YES_ERROR;
				CLANG_WARN_EMPTY_BODY = YES;
				CLANG_WARN_ENUM_CONVERSION = YES;
				CLANG_WARN_INT_CONVERSION = YES;
				CLANG_WARN_OBJC_ROOT_CLASS = YES_ERROR;
				CLANG_WARN_UNREACHABLE_CODE = YES;
				CLANG_WARN__DUPLICATE_METHOD_MATCH = YES;
				"CODE_SIGN_IDENTITY[sdk=iphoneos*]" = "iPhone Developer";
				COPY_PHASE_STRIP = YES;
				ENABLE_NS_ASSERTIONS = NO;
				ENABLE_STRICT_OBJC_MSGSEND = YES;
				GCC_C_LANGUAGE_STANDARD = gnu99;
				GCC_WARN_64_TO_32_BIT_CONVERSION = YES;
				GCC_WARN_ABOUT_RETURN_TYPE = YES_ERROR;
				GCC_WARN_UNDECLARED_SELECTOR = YES;
				GCC_WARN_UNINITIALIZED_AUTOS = YES_AGGRESSIVE;
				GCC_WARN_UNUSED_FUNCTION = YES;
				GCC_WARN_UNUSED_VARIABLE = YES;
				IPHONEOS_DEPLOYMENT_TARGET = 8.1;
				MTL_ENABLE_DEBUG_INFO = NO;
				SDKROOT = iphoneos;
				VALIDATE_PRODUCT = YES;
			};
			name = Release;
		};
		C93AA9111AB1B4DE00D0969C /* Debug */ = {
			isa = XCBuildConfiguration;
			buildSettings = {
				ASSETCATALOG_COMPILER_APPICON_NAME = AppIcon;
				INFOPLIST_FILE = "Hello World/Info.plist";
				LD_RUNPATH_SEARCH_PATHS = "$(inherited) @executable_path/Frameworks";
				PRODUCT_NAME = "$(TARGET_NAME)";
			};
			name = Debug;
		};
		C93AA9121AB1B4DE00D0969C /* Release */ = {
			isa = XCBuildConfiguration;
			buildSettings = {
				ASSETCATALOG_COMPILER_APPICON_NAME = AppIcon;
				INFOPLIST_FILE = "Hello World/Info.plist";
				LD_RUNPATH_SEARCH_PATHS = "$(inherited) @executable_path/Frameworks";
				PRODUCT_NAME = "$(TARGET_NAME)";
			};
			name = Release;
		};
		C93AA9141AB1B4DE00D0969C /* Debug */ = {
			isa = XCBuildConfiguration;
			buildSettings = {
				BUNDLE_LOADER = "$(TEST_HOST)";
				FRAMEWORK_SEARCH_PATHS = (
					"$(SDKROOT)/Developer/Library/Frameworks",
					"$(inherited)",
				);
				GCC_PREPROCESSOR_DEFINITIONS = (
					"DEBUG=1",
					"$(inherited)",
				);
				INFOPLIST_FILE = "Hello WorldTests/Info.plist";
				LD_RUNPATH_SEARCH_PATHS = "$(inherited) @executable_path/Frameworks @loader_path/Frameworks";
				PRODUCT_NAME = "$(TARGET_NAME)";
				TEST_HOST = "$(BUILT_PRODUCTS_DIR)/Hello World.app/Hello World";
			};
			name = Debug;
		};
		C93AA9151AB1B4DE00D0969C /* Release */ = {
			isa = XCBuildConfiguration;
			buildSettings = {
				BUNDLE_LOADER = "$(TEST_HOST)";
				FRAMEWORK_SEARCH_PATHS = (
					"$(SDKROOT)/Developer/Library/Frameworks",
					"$(inherited)",
				);
				INFOPLIST_FILE = "Hello WorldTests/Info.plist";
				LD_RUNPATH_SEARCH_PATHS = "$(inherited) @executable_path/Frameworks @loader_path/Frameworks";
				PRODUCT_NAME = "$(TARGET_NAME)";
				TEST_HOST = "$(BUILT_PRODUCTS_DIR)/Hello World.app/Hello World";
			};
			name = Release;
		};
/* End XCBuildConfiguration section */

/* Begin XCConfigurationList section */
		C93AA8EC1AB1B4DE00D0969C /* Build configuration list for PBXProject "Hello World" */ = {
			isa = XCConfigurationList;
			buildConfigurations = (
				C93AA90E1AB1B4DE00D0969C /* Debug */,
				C93AA90F1AB1B4DE00D0969C /* Release */,
			);
			defaultConfigurationIsVisible = 0;
			defaultConfigurationName = Release;
		};
		C93AA9101AB1B4DE00D0969C /* Build configuration list for PBXNativeTarget "Hello World" */ = {
			isa = XCConfigurationList;
			buildConfigurations = (
				C93AA9111AB1B4DE00D0969C /* Debug */,
				C93AA9121AB1B4DE00D0969C /* Release */,
			);
			defaultConfigurationIsVisible = 0;
		};
		C93AA9131AB1B4DE00D0969C /* Build configuration list for PBXNativeTarget "Hello WorldTests" */ = {
			isa = XCConfigurationList;
			buildConfigurations = (
				C93AA9141AB1B4DE00D0969C /* Debug */,
				C93AA9151AB1B4DE00D0969C /* Release */,
			);
			defaultConfigurationIsVisible = 0;
		};
/* End XCConfigurationList section */
	};
	rootObject = C93AA8E91AB1B4DE00D0969C /* Project object */;
}
