// !$*UTF8*$!
{
	archiveVersion = 1;
	classes = {
	};
	objectVersion = 46;
	objects = {

/* Begin PBXBuildFile section */
		C93AA9251AB1BC3E00D0969C /* AppDelegate.swift in Sources */ = {isa = PBXBuildFile; fileRef = C93AA9241AB1BC3E00D0969C /* AppDelegate.swift */; };
		C93AA9271AB1BC3E00D0969C /* ViewController.swift in Sources */ = {isa = PBXBuildFile; fileRef = C93AA9261AB1BC3E00D0969C /* ViewController.swift */; };
		C93AA92A1AB1BC3E00D0969C /* Main.storyboard in Resources */ = {isa = PBXBuildFile; fileRef = C93AA9281AB1BC3E00D0969C /* Main.storyboard */; };
		C93AA92C1AB1BC3E00D0969C /* Images.xcassets in Resources */ = {isa = PBXBuildFile; fileRef = C93AA92B1AB1BC3E00D0969C /* Images.xcassets */; };
		C93AA92F1AB1BC3E00D0969C /* LaunchScreen.xib in Resources */ = {isa = PBXBuildFile; fileRef = C93AA92D1AB1BC3E00D0969C /* LaunchScreen.xib */; };
		C93AA93B1AB1BC3E00D0969C /* WarTests.swift in Sources */ = {isa = PBXBuildFile; fileRef = C93AA93A1AB1BC3E00D0969C /* WarTests.swift */; };
/* End PBXBuildFile section */

/* Begin PBXContainerItemProxy section */
		C93AA9351AB1BC3E00D0969C /* PBXContainerItemProxy */ = {
			isa = PBXContainerItemProxy;
			containerPortal = C93AA9171AB1BC3D00D0969C /* Project object */;
			proxyType = 1;
			remoteGlobalIDString = C93AA91E1AB1BC3E00D0969C;
			remoteInfo = War;
		};
/* End PBXContainerItemProxy section */

/* Begin PBXFileReference section */
		C93AA91F1AB1BC3E00D0969C /* War.app */ = {isa = PBXFileReference; explicitFileType = wrapper.application; includeInIndex = 0; path = War.app; sourceTree = BUILT_PRODUCTS_DIR; };
		C93AA9231AB1BC3E00D0969C /* Info.plist */ = {isa = PBXFileReference; lastKnownFileType = text.plist.xml; path = Info.plist; sourceTree = "<group>"; };
		C93AA9241AB1BC3E00D0969C /* AppDelegate.swift */ = {isa = PBXFileReference; lastKnownFileType = sourcecode.swift; path = AppDelegate.swift; sourceTree = "<group>"; };
		C93AA9261AB1BC3E00D0969C /* ViewController.swift */ = {isa = PBXFileReference; lastKnownFileType = sourcecode.swift; path = ViewController.swift; sourceTree = "<group>"; };
		C93AA9291AB1BC3E00D0969C /* Base */ = {isa = PBXFileReference; lastKnownFileType = file.storyboard; name = Base; path = Base.lproj/Main.storyboard; sourceTree = "<group>"; };
		C93AA92B1AB1BC3E00D0969C /* Images.xcassets */ = {isa = PBXFileReference; lastKnownFileType = folder.assetcatalog; path = Images.xcassets; sourceTree = "<group>"; };
		C93AA92E1AB1BC3E00D0969C /* Base */ = {isa = PBXFileReference; lastKnownFileType = file.xib; name = Base; path = Base.lproj/LaunchScreen.xib; sourceTree = "<group>"; };
		C93AA9341AB1BC3E00D0969C /* WarTests.xctest */ = {isa = PBXFileReference; explicitFileType = wrapper.cfbundle; includeInIndex = 0; path = WarTests.xctest; sourceTree = BUILT_PRODUCTS_DIR; };
		C93AA9391AB1BC3E00D0969C /* Info.plist */ = {isa = PBXFileReference; lastKnownFileType = text.plist.xml; path = Info.plist; sourceTree = "<group>"; };
		C93AA93A1AB1BC3E00D0969C /* WarTests.swift */ = {isa = PBXFileReference; lastKnownFileType = sourcecode.swift; path = WarTests.swift; sourceTree = "<group>"; };
/* End PBXFileReference section */

/* Begin PBXFrameworksBuildPhase section */
		C93AA91C1AB1BC3E00D0969C /* Frameworks */ = {
			isa = PBXFrameworksBuildPhase;
			buildActionMask = 2147483647;
			files = (
			);
			runOnlyForDeploymentPostprocessing = 0;
		};
		C93AA9311AB1BC3E00D0969C /* Frameworks */ = {
			isa = PBXFrameworksBuildPhase;
			buildActionMask = 2147483647;
			files = (
			);
			runOnlyForDeploymentPostprocessing = 0;
		};
/* End PBXFrameworksBuildPhase section */

/* Begin PBXGroup section */
		C93AA9161AB1BC3D00D0969C = {
			isa = PBXGroup;
			children = (
				C93AA9211AB1BC3E00D0969C /* War */,
				C93AA9371AB1BC3E00D0969C /* WarTests */,
				C93AA9201AB1BC3E00D0969C /* Products */,
			);
			sourceTree = "<group>";
		};
		C93AA9201AB1BC3E00D0969C /* Products */ = {
			isa = PBXGroup;
			children = (
				C93AA91F1AB1BC3E00D0969C /* War.app */,
				C93AA9341AB1BC3E00D0969C /* WarTests.xctest */,
			);
			name = Products;
			sourceTree = "<group>";
		};
		C93AA9211AB1BC3E00D0969C /* War */ = {
			isa = PBXGroup;
			children = (
				C93AA9241AB1BC3E00D0969C /* AppDelegate.swift */,
				C93AA9261AB1BC3E00D0969C /* ViewController.swift */,
				C93AA9281AB1BC3E00D0969C /* Main.storyboard */,
				C93AA92B1AB1BC3E00D0969C /* Images.xcassets */,
				C93AA92D1AB1BC3E00D0969C /* LaunchScreen.xib */,
				C93AA9221AB1BC3E00D0969C /* Supporting Files */,
			);
			path = War;
			sourceTree = "<group>";
		};
		C93AA9221AB1BC3E00D0969C /* Supporting Files */ = {
			isa = PBXGroup;
			children = (
				C93AA9231AB1BC3E00D0969C /* Info.plist */,
			);
			name = "Supporting Files";
			sourceTree = "<group>";
		};
		C93AA9371AB1BC3E00D0969C /* WarTests */ = {
			isa = PBXGroup;
			children = (
				C93AA93A1AB1BC3E00D0969C /* WarTests.swift */,
				C93AA9381AB1BC3E00D0969C /* Supporting Files */,
			);
			path = WarTests;
			sourceTree = "<group>";
		};
		C93AA9381AB1BC3E00D0969C /* Supporting Files */ = {
			isa = PBXGroup;
			children = (
				C93AA9391AB1BC3E00D0969C /* Info.plist */,
			);
			name = "Supporting Files";
			sourceTree = "<group>";
		};
/* End PBXGroup section */

/* Begin PBXNativeTarget section */
		C93AA91E1AB1BC3E00D0969C /* War */ = {
			isa = PBXNativeTarget;
			buildConfigurationList = C93AA93E1AB1BC3E00D0969C /* Build configuration list for PBXNativeTarget "War" */;
			buildPhases = (
				C93AA91B1AB1BC3E00D0969C /* Sources */,
				C93AA91C1AB1BC3E00D0969C /* Frameworks */,
				C93AA91D1AB1BC3E00D0969C /* Resources */,
			);
			buildRules = (
			);
			dependencies = (
			);
			name = War;
			productName = War;
			productReference = C93AA91F1AB1BC3E00D0969C /* War.app */;
			productType = "com.apple.product-type.application";
		};
		C93AA9331AB1BC3E00D0969C /* WarTests */ = {
			isa = PBXNativeTarget;
			buildConfigurationList = C93AA9411AB1BC3E00D0969C /* Build configuration list for PBXNativeTarget "WarTests" */;
			buildPhases = (
				C93AA9301AB1BC3E00D0969C /* Sources */,
				C93AA9311AB1BC3E00D0969C /* Frameworks */,
				C93AA9321AB1BC3E00D0969C /* Resources */,
			);
			buildRules = (
			);
			dependencies = (
				C93AA9361AB1BC3E00D0969C /* PBXTargetDependency */,
			);
			name = WarTests;
			productName = WarTests;
			productReference = C93AA9341AB1BC3E00D0969C /* WarTests.xctest */;
			productType = "com.apple.product-type.bundle.unit-test";
		};
/* End PBXNativeTarget section */

/* Begin PBXProject section */
		C93AA9171AB1BC3D00D0969C /* Project object */ = {
			isa = PBXProject;
			attributes = {
				LastUpgradeCheck = 0610;
				ORGANIZATIONNAME = "Dale Stevens";
				TargetAttributes = {
					C93AA91E1AB1BC3E00D0969C = {
						CreatedOnToolsVersion = 6.1.1;
					};
					C93AA9331AB1BC3E00D0969C = {
						CreatedOnToolsVersion = 6.1.1;
						TestTargetID = C93AA91E1AB1BC3E00D0969C;
					};
				};
			};
			buildConfigurationList = C93AA91A1AB1BC3D00D0969C /* Build configuration list for PBXProject "War" */;
			compatibilityVersion = "Xcode 3.2";
			developmentRegion = English;
			hasScannedForEncodings = 0;
			knownRegions = (
				en,
				Base,
			);
			mainGroup = C93AA9161AB1BC3D00D0969C;
			productRefGroup = C93AA9201AB1BC3E00D0969C /* Products */;
			projectDirPath = "";
			projectRoot = "";
			targets = (
				C93AA91E1AB1BC3E00D0969C /* War */,
				C93AA9331AB1BC3E00D0969C /* WarTests */,
			);
		};
/* End PBXProject section */

/* Begin PBXResourcesBuildPhase section */
		C93AA91D1AB1BC3E00D0969C /* Resources */ = {
			isa = PBXResourcesBuildPhase;
			buildActionMask = 2147483647;
			files = (
				C93AA92A1AB1BC3E00D0969C /* Main.storyboard in Resources */,
				C93AA92F1AB1BC3E00D0969C /* LaunchScreen.xib in Resources */,
				C93AA92C1AB1BC3E00D0969C /* Images.xcassets in Resources */,
			);
			runOnlyForDeploymentPostprocessing = 0;
		};
		C93AA9321AB1BC3E00D0969C /* Resources */ = {
			isa = PBXResourcesBuildPhase;
			buildActionMask = 2147483647;
			files = (
			);
			runOnlyForDeploymentPostprocessing = 0;
		};
/* End PBXResourcesBuildPhase section */

/* Begin PBXSourcesBuildPhase section */
		C93AA91B1AB1BC3E00D0969C /* Sources */ = {
			isa = PBXSourcesBuildPhase;
			buildActionMask = 2147483647;
			files = (
				C93AA9271AB1BC3E00D0969C /* ViewController.swift in Sources */,
				C93AA9251AB1BC3E00D0969C /* AppDelegate.swift in Sources */,
			);
			runOnlyForDeploymentPostprocessing = 0;
		};
		C93AA9301AB1BC3E00D0969C /* Sources */ = {
			isa = PBXSourcesBuildPhase;
			buildActionMask = 2147483647;
			files = (
				C93AA93B1AB1BC3E00D0969C /* WarTests.swift in Sources */,
			);
			runOnlyForDeploymentPostprocessing = 0;
		};
/* End PBXSourcesBuildPhase section */

/* Begin PBXTargetDependency section */
		C93AA9361AB1BC3E00D0969C /* PBXTargetDependency */ = {
			isa = PBXTargetDependency;
			target = C93AA91E1AB1BC3E00D0969C /* War */;
			targetProxy = C93AA9351AB1BC3E00D0969C /* PBXContainerItemProxy */;
		};
/* End PBXTargetDependency section */

/* Begin PBXVariantGroup section */
		C93AA9281AB1BC3E00D0969C /* Main.storyboard */ = {
			isa = PBXVariantGroup;
			children = (
				C93AA9291AB1BC3E00D0969C /* Base */,
			);
			name = Main.storyboard;
			sourceTree = "<group>";
		};
		C93AA92D1AB1BC3E00D0969C /* LaunchScreen.xib */ = {
			isa = PBXVariantGroup;
			children = (
				C93AA92E1AB1BC3E00D0969C /* Base */,
			);
			name = LaunchScreen.xib;
			sourceTree = "<group>";
		};
/* End PBXVariantGroup section */

/* Begin XCBuildConfiguration section */
		C93AA93C1AB1BC3E00D0969C /* Debug */ = {
			isa = XCBuildConfiguration;
			buildSettings = {
				ALWAYS_SEARCH_USER_PATHS = NO;
				CLANG_CXX_LANGUAGE_STANDARD = "gnu++0x";
				CLANG_CXX_LIBRARY = "libc++";
				CLANG_ENABLE_MODULES = YES;
				CLANG_ENABLE_OBJC_ARC = YES;
				CLANG_WARN_BOOL_CONVERSION = YES;
				CLANG_WARN_CONSTANT_CONVERSION = YES;
				CLANG_WARN_DIRECT_OBJC_ISA_USAGE = YES_ERROR;
				CLANG_WARN_EMPTY_BODY = YES;
				CLANG_WARN_ENUM_CONVERSION = YES;
				CLANG_WARN_INT_CONVERSION = YES;
				CLANG_WARN_OBJC_ROOT_CLASS = YES_ERROR;
				CLANG_WARN_UNREACHABLE_CODE = YES;
				CLANG_WARN__DUPLICATE_METHOD_MATCH = YES;
				"CODE_SIGN_IDENTITY[sdk=iphoneos*]" = "iPhone Developer";
				COPY_PHASE_STRIP = NO;
				ENABLE_STRICT_OBJC_MSGSEND = YES;
				GCC_C_LANGUAGE_STANDARD = gnu99;
				GCC_DYNAMIC_NO_PIC = NO;
				GCC_OPTIMIZATION_LEVEL = 0;
				GCC_PREPROCESSOR_DEFINITIONS = (
					"DEBUG=1",
					"$(inherited)",
				);
				GCC_SYMBOLS_PRIVATE_EXTERN = NO;
				GCC_WARN_64_TO_32_BIT_CONVERSION = YES;
				GCC_WARN_ABOUT_RETURN_TYPE = YES_ERROR;
				GCC_WARN_UNDECLARED_SELECTOR = YES;
				GCC_WARN_UNINITIALIZED_AUTOS = YES_AGGRESSIVE;
				GCC_WARN_UNUSED_FUNCTION = YES;
				GCC_WARN_UNUSED_VARIABLE = YES;
				IPHONEOS_DEPLOYMENT_TARGET = 8.1;
				MTL_ENABLE_DEBUG_INFO = YES;
				ONLY_ACTIVE_ARCH = YES;
				SDKROOT = iphoneos;
				SWIFT_OPTIMIZATION_LEVEL = "-Onone";
			};
			name = Debug;
		};
		C93AA93D1AB1BC3E00D0969C /* Release */ = {
			isa = XCBuildConfiguration;
			buildSettings = {
				ALWAYS_SEARCH_USER_PATHS = NO;
				CLANG_CXX_LANGUAGE_STANDARD = "gnu++0x";
				CLANG_CXX_LIBRARY = "libc++";
				CLANG_ENABLE_MODULES = YES;
				CLANG_ENABLE_OBJC_ARC = YES;
				CLANG_WARN_BOOL_CONVERSION = YES;
				CLANG_WARN_CONSTANT_CONVERSION = YES;
				CLANG_WARN_DIRECT_OBJC_ISA_USAGE = YES_ERROR;
				CLANG_WARN_EMPTY_BODY = YES;
				CLANG_WARN_ENUM_CONVERSION = YES;
				CLANG_WARN_INT_CONVERSION = YES;
				CLANG_WARN_OBJC_ROOT_CLASS = YES_ERROR;
				CLANG_WARN_UNREACHABLE_CODE = YES;
				CLANG_WARN__DUPLICATE_METHOD_MATCH = YES;
				"CODE_SIGN_IDENTITY[sdk=iphoneos*]" = "iPhone Developer";
				COPY_PHASE_STRIP = YES;
				ENABLE_NS_ASSERTIONS = NO;
				ENABLE_STRICT_OBJC_MSGSEND = YES;
				GCC_C_LANGUAGE_STANDARD = gnu99;
				GCC_WARN_64_TO_32_BIT_CONVERSION = YES;
				GCC_WARN_ABOUT_RETURN_TYPE = YES_ERROR;
				GCC_WARN_UNDECLARED_SELECTOR = YES;
				GCC_WARN_UNINITIALIZED_AUTOS = YES_AGGRESSIVE;
				GCC_WARN_UNUSED_FUNCTION = YES;
				GCC_WARN_UNUSED_VARIABLE = YES;
				IPHONEOS_DEPLOYMENT_TARGET = 8.1;
				MTL_ENABLE_DEBUG_INFO = NO;
				SDKROOT = iphoneos;
				VALIDATE_PRODUCT = YES;
			};
			name = Release;
		};
		C93AA93F1AB1BC3E00D0969C /* Debug */ = {
			isa = XCBuildConfiguration;
			buildSettings = {
				ASSETCATALOG_COMPILER_APPICON_NAME = AppIcon;
				INFOPLIST_FILE = War/Info.plist;
				LD_RUNPATH_SEARCH_PATHS = "$(inherited) @executable_path/Frameworks";
				PRODUCT_NAME = "$(TARGET_NAME)";
			};
			name = Debug;
		};
		C93AA9401AB1BC3E00D0969C /* Release */ = {
			isa = XCBuildConfiguration;
			buildSettings = {
				ASSETCATALOG_COMPILER_APPICON_NAME = AppIcon;
				INFOPLIST_FILE = War/Info.plist;
				LD_RUNPATH_SEARCH_PATHS = "$(inherited) @executable_path/Frameworks";
				PRODUCT_NAME = "$(TARGET_NAME)";
			};
			name = Release;
		};
		C93AA9421AB1BC3E00D0969C /* Debug */ = {
			isa = XCBuildConfiguration;
			buildSettings = {
				BUNDLE_LOADER = "$(TEST_HOST)";
				FRAMEWORK_SEARCH_PATHS = (
					"$(SDKROOT)/Developer/Library/Frameworks",
					"$(inherited)",
				);
				GCC_PREPROCESSOR_DEFINITIONS = (
					"DEBUG=1",
					"$(inherited)",
				);
				INFOPLIST_FILE = WarTests/Info.plist;
				LD_RUNPATH_SEARCH_PATHS = "$(inherited) @executable_path/Frameworks @loader_path/Frameworks";
				PRODUCT_NAME = "$(TARGET_NAME)";
				TEST_HOST = "$(BUILT_PRODUCTS_DIR)/War.app/War";
			};
			name = Debug;
		};
		C93AA9431AB1BC3E00D0969C /* Release */ = {
			isa = XCBuildConfiguration;
			buildSettings = {
				BUNDLE_LOADER = "$(TEST_HOST)";
				FRAMEWORK_SEARCH_PATHS = (
					"$(SDKROOT)/Developer/Library/Frameworks",
					"$(inherited)",
				);
				INFOPLIST_FILE = WarTests/Info.plist;
				LD_RUNPATH_SEARCH_PATHS = "$(inherited) @executable_path/Frameworks @loader_path/Frameworks";
				PRODUCT_NAME = "$(TARGET_NAME)";
				TEST_HOST = "$(BUILT_PRODUCTS_DIR)/War.app/War";
			};
			name = Release;
		};
/* End XCBuildConfiguration section */

/* Begin XCConfigurationList section */
		C93AA91A1AB1BC3D00D0969C /* Build configuration list for PBXProject "War" */ = {
			isa = XCConfigurationList;
			buildConfigurations = (
				C93AA93C1AB1BC3E00D0969C /* Debug */,
				C93AA93D1AB1BC3E00D0969C /* Release */,
			);
			defaultConfigurationIsVisible = 0;
			defaultConfigurationName = Release;
		};
		C93AA93E1AB1BC3E00D0969C /* Build configuration list for PBXNativeTarget "War" */ = {
			isa = XCConfigurationList;
			buildConfigurations = (
				C93AA93F1AB1BC3E00D0969C /* Debug */,
				C93AA9401AB1BC3E00D0969C /* Release */,
			);
			defaultConfigurationIsVisible = 0;
		};
		C93AA9411AB1BC3E00D0969C /* Build configuration list for PBXNativeTarget "WarTests" */ = {
			isa = XCConfigurationList;
			buildConfigurations = (
				C93AA9421AB1BC3E00D0969C /* Debug */,
				C93AA9431AB1BC3E00D0969C /* Release */,
			);
			defaultConfigurationIsVisible = 0;
		};
/* End XCConfigurationList section */
	};
	rootObject = C93AA9171AB1BC3D00D0969C /* Project object */;
}
